<?xml version="1.0" encoding="utf-8"?>
<Project ToolsVersion="4.0" xmlns="http://schemas.microsoft.com/developer/msbuild/2003">
  <ItemGroup>
    <Filter Include="src">
      <UniqueIdentifier>{8fbfa37d-61a9-4222-bb04-2e9a63489d70}</UniqueIdentifier>
    </Filter>
    <Filter Include="src\core">
      <UniqueIdentifier>{3d206436-ca55-40c8-957b-80d04f976512}</UniqueIdentifier>
    </Filter>
    <Filter Include="src\world">
      <UniqueIdentifier>{3ff5e9a5-351c-4f6f-bb1a-fba2b06af314}</UniqueIdentifier>
    </Filter>
    <Filter Include="src\entity">
      <UniqueIdentifier>{d1c960b6-a6d6-440f-8ac0-dc9d18a204b3}</UniqueIdentifier>
    </Filter>
    <Filter Include="src\debug">
      <UniqueIdentifier>{243265fd-63c3-4761-9a12-ca51fe20b1a0}</UniqueIdentifier>
    </Filter>
    <Filter Include="src\cinematic">
      <UniqueIdentifier>{5031c940-8be6-49bf-b336-cd98532cb6da}</UniqueIdentifier>
    </Filter>
    <Filter Include="src\data">
      <UniqueIdentifier>{b0928c29-0917-44c6-8e5f-d9c3842c0ae7}</UniqueIdentifier>
    </Filter>
    <Filter Include="src\core\logic">
      <UniqueIdentifier>{cd05a228-265e-4c95-b648-729a052a5af8}</UniqueIdentifier>
    </Filter>
    <Filter Include="src\core\system">
      <UniqueIdentifier>{32bbe3e9-8016-4005-bd6a-b0a61aae7347}</UniqueIdentifier>
    </Filter>
    <Filter Include="src\core\ui">
      <UniqueIdentifier>{0e90d8f3-d035-4fde-a358-7466a2a35ae1}</UniqueIdentifier>
    </Filter>
    <Filter Include="src\core\ui\backend">
      <UniqueIdentifier>{a284e0c4-38ce-4da1-9134-1949c3b9400c}</UniqueIdentifier>
    </Filter>
    <Filter Include="src\core\ui\panels">
      <UniqueIdentifier>{de7d0e58-b75e-4584-92d2-8ff5aae567d7}</UniqueIdentifier>
    </Filter>
    <Filter Include="src\core\ui\text">
      <UniqueIdentifier>{15365da9-a36c-4f6b-8545-ee834568135e}</UniqueIdentifier>
    </Filter>
    <Filter Include="src\core\ui\view">
      <UniqueIdentifier>{667d7a0b-cd0f-4a4b-a2ab-65dffc863d5f}</UniqueIdentifier>
    </Filter>
    <Filter Include="src\core\ui\widgets">
      <UniqueIdentifier>{5eb11585-4414-4043-9358-37fc8ae44407}</UniqueIdentifier>
    </Filter>
    <Filter Include="src\stages">
      <UniqueIdentifier>{68780e1e-6a08-4495-8dc9-11fd6757e751}</UniqueIdentifier>
    </Filter>
    <Filter Include="src\stages\stage_01">
      <UniqueIdentifier>{fea71e33-f298-45fc-8e89-2a353ca34481}</UniqueIdentifier>
    </Filter>
    <Filter Include="src\stages\stage_02">
      <UniqueIdentifier>{dae576af-174b-49db-b67a-33898d859ba1}</UniqueIdentifier>
    </Filter>
    <Filter Include="src\stages\stage_03">
      <UniqueIdentifier>{8fe6919d-0b0b-49c5-9b9c-ae815436879d}</UniqueIdentifier>
    </Filter>
  </ItemGroup>
  <ItemGroup>
    <ClCompile Include="src\main.c">
      <Filter>src</Filter>
    </ClCompile>
    <ClCompile Include="src\core\game.c">
      <Filter>src\core</Filter>
    </ClCompile>
    <ClCompile Include="src\world\map.c">
      <Filter>src\world</Filter>
    </ClCompile>
    <ClCompile Include="src\entity\player.c">
      <Filter>src\entity</Filter>
    </ClCompile>
    <ClCompile Include="src\debug\debug.c">
      <Filter>src\debug</Filter>
    </ClCompile>
    <ClCompile Include="src\world\map_data.c">
      <Filter>src\world</Filter>
    </ClCompile>
    <ClCompile Include="src\entity\enemy.c">
      <Filter>src\entity</Filter>
    </ClCompile>
    <ClCompile Include="src\entity\chest.c">
      <Filter>src\entity</Filter>
    </ClCompile>
    <ClCompile Include="src\entity\npc.c">
      <Filter>src\entity</Filter>
    </ClCompile>
    <ClCompile Include="src\cinematic\cinematic.c">
      <Filter>src\cinematic</Filter>
    </ClCompile>
    <ClCompile Include="src\core\logic\combat.c">
      <Filter>src\core\logic</Filter>
    </ClCompile>
    <ClCompile Include="src\core\system\game_input.c">
      <Filter>src\core\system</Filter>
    </ClCompile>
    <ClCompile Include="src\core\system\game_loop.c">
      <Filter>src\core\system</Filter>
    </ClCompile>
    <ClCompile Include="src\core\system\game_render.c">
      <Filter>src\core\system</Filter>
    </ClCompile>
    <ClCompile Include="src\core\ui\backend\buffer.c">
      <Filter>src\core\ui\backend</Filter>
    </ClCompile>
    <ClCompile Include="src\core\ui\backend\console.c">
      <Filter>src\core\ui\backend</Filter>
    </ClCompile>
    <ClCompile Include="src\core\ui\panels\dialogue.c">
      <Filter>src\core\ui\panels</Filter>
    </ClCompile>
    <ClCompile Include="src\core\ui\panels\effect.c">
      <Filter>src\core\ui\panels</Filter>
    </ClCompile>
    <ClCompile Include="src\core\ui\panels\equipment.c">
      <Filter>src\core\ui\panels</Filter>
    </ClCompile>
    <ClCompile Include="src\core\ui\panels\stats.c">
      <Filter>src\core\ui\panels</Filter>
    </ClCompile>
    <ClCompile Include="src\core\ui\text\glyph.c">
      <Filter>src\core\ui\text</Filter>
    </ClCompile>
    <ClCompile Include="src\core\ui\text\render.c">
      <Filter>src\core\ui\text</Filter>
    </ClCompile>
    <ClCompile Include="src\core\ui\view\viewport.c">
      <Filter>src\core\ui\view</Filter>
    </ClCompile>
    <ClCompile Include="src\core\ui\widgets\box.c">
      <Filter>src\core\ui\widgets</Filter>
    </ClCompile>
    <ClCompile Include="src\stages\stage_01\stage_01.c">
      <Filter>src\stages\stage_01</Filter>
    </ClCompile>
    <ClCompile Include="src\stages\stage_02\stage_02.c">
      <Filter>src\stages\stage_02</Filter>
    </ClCompile>
    <ClCompile Include="src\stages\stage_03\stage_03.c">
      <Filter>src\stages\stage_03</Filter>
    </ClCompile>
  </ItemGroup>
  <ItemGroup>
    <ClInclude Include="src\core\game.h">
      <Filter>src\core</Filter>
    </ClInclude>
    <ClInclude Include="src\world\map.h">
      <Filter>src\world</Filter>
    </ClInclude>
    <ClInclude Include="src\entity\player.h">
      <Filter>src\entity</Filter>
    </ClInclude>
    <ClInclude Include="src\debug\debug.h">
      <Filter>src\debug</Filter>
    </ClInclude>
    <ClInclude Include="src\world\map_data.h">
      <Filter>src\world</Filter>
    </ClInclude>
    <ClInclude Include="src\world\glyph.h">
      <Filter>src\world</Filter>
    </ClInclude>
    <ClInclude Include="src\entity\enemy.h">
      <Filter>src\entity</Filter>
    </ClInclude>
    <ClInclude Include="src\entity\chest.h">
      <Filter>src\entity</Filter>
    </ClInclude>
    <ClInclude Include="src\entity\npc.h">
      <Filter>src\entity</Filter>
    </ClInclude>
    <ClInclude Include="src\cinematic\cinematic.h">
      <Filter>src\cinematic</Filter>
    </ClInclude>
    <ClInclude Include="src\core\logic\combat.h">
      <Filter>src\core\logic</Filter>
    </ClInclude>
    <ClInclude Include="src\core\ui\ui.h">
      <Filter>src\core\ui</Filter>
    </ClInclude>
    <ClInclude Include="src\core\system\context.h">
      <Filter>src\core\system</Filter>
    </ClInclude>
    <ClInclude Include="src\core\system\game_internal.h">
      <Filter>src\core\system</Filter>
    </ClInclude>
    <ClInclude Include="src\core\ui\backend\buffer.h">
      <Filter>src\core\ui\backend</Filter>
    </ClInclude>
    <ClInclude Include="src\core\ui\backend\console.h">
      <Filter>src\core\ui\backend</Filter>
    </ClInclude>
    <ClInclude Include="src\core\ui\panels\dialogue.h">
      <Filter>src\core\ui\panels</Filter>
    </ClInclude>
    <ClInclude Include="src\core\ui\panels\effect.h">
      <Filter>src\core\ui\panels</Filter>
    </ClInclude>
    <ClInclude Include="src\core\ui\panels\equipment.h">
      <Filter>src\core\ui\panels</Filter>
    </ClInclude>
    <ClInclude Include="src\core\ui\panels\stats.h">
      <Filter>src\core\ui\panels</Filter>
    </ClInclude>
    <ClInclude Include="src\core\ui\text\glyph.h">
      <Filter>src\core\ui\text</Filter>
    </ClInclude>
    <ClInclude Include="src\core\ui\text\render.h">
      <Filter>src\core\ui\text</Filter>
    </ClInclude>
    <ClInclude Include="src\core\ui\view\viewport.h">
      <Filter>src\core\ui\view</Filter>
    </ClInclude>
    <ClInclude Include="src\core\ui\widgets\box.h">
      <Filter>src\core\ui\widgets</Filter>
    </ClInclude>
    <ClInclude Include="src\core\ui\layout.h">
      <Filter>src\core\ui</Filter>
    </ClInclude>
    <ClInclude Include="src\stages\stage_01\stage_01.h">
      <Filter>src\stages\stage_01</Filter>
    </ClInclude>
    <ClInclude Include="src\stages\stage_02\stage_02.h">
      <Filter>src\stages\stage_02</Filter>
    </ClInclude>
    <ClInclude Include="src\stages\stage_03\stage_03.h">
      <Filter>src\stages\stage_03</Filter>
    </ClInclude>
    <ClInclude Include="src\stages\common.h">
      <Filter>src\stages</Filter>
    </ClInclude>
  </ItemGroup>
</Project>