<?xml version="1.0" encoding="utf-8"?>
<Project ToolsVersion="4.0" xmlns="http://schemas.microsoft.com/developer/msbuild/2003">
  <ItemGroup>
    <Filter Include="src">
      <UniqueIdentifier>{8fbfa37d-61a9-4222-bb04-2e9a63489d70}</UniqueIdentifier>
    </Filter>
    <Filter Include="src\core">
      <UniqueIdentifier>{3d206436-ca55-40c8-957b-80d04f976512}</UniqueIdentifier>
    </Filter>
    <Filter Include="src\world">
      <UniqueIdentifier>{3ff5e9a5-351c-4f6f-bb1a-fba2b06af314}</UniqueIdentifier>
    </Filter>
    <Filter Include="src\entity">
      <UniqueIdentifier>{d1c960b6-a6d6-440f-8ac0-dc9d18a204b3}</UniqueIdentifier>
    </Filter>
    <Filter Include="src\debug">
      <UniqueIdentifier>{243265fd-63c3-4761-9a12-ca51fe20b1a0}</UniqueIdentifier>
    </Filter>
    <Filter Include="src\cinematic">
      <UniqueIdentifier>{5031c940-8be6-49bf-b336-cd98532cb6da}</UniqueIdentifier>
    </Filter>
    <Filter Include="src\data">
      <UniqueIdentifier>{b0928c29-0917-44c6-8e5f-d9c3842c0ae7}</UniqueIdentifier>
    </Filter>
  </ItemGroup>
  <ItemGroup>
    <ClCompile Include="src\main.c">
      <Filter>src</Filter>
    </ClCompile>
    <ClCompile Include="src\core\game.c">
      <Filter>src\core</Filter>
    </ClCompile>
    <ClCompile Include="src\world\map.c">
      <Filter>src\world</Filter>
    </ClCompile>
    <ClCompile Include="src\entity\player.c">
      <Filter>src\entity</Filter>
    </ClCompile>
    <ClCompile Include="src\core\ui.c">
      <Filter>src\core</Filter>
    </ClCompile>
    <ClCompile Include="src\debug\debug.c">
      <Filter>src\debug</Filter>
    </ClCompile>
    <ClCompile Include="src\world\map_data.c">
      <Filter>src\world</Filter>
    </ClCompile>
    <ClCompile Include="src\entity\enemy.c">
      <Filter>src\entity</Filter>
    </ClCompile>
    <ClCompile Include="src\core\combat.c">
      <Filter>src\core</Filter>
    </ClCompile>
    <ClCompile Include="src\entity\chest.c">
      <Filter>src\entity</Filter>
    </ClCompile>
    <ClCompile Include="src\entity\npc.c">
      <Filter>src\entity</Filter>
    </ClCompile>
    <ClCompile Include="src\cinematic\cinematic.c">
      <Filter>src\cinematic</Filter>
    </ClCompile>
  </ItemGroup>
  <ItemGroup>
    <ClInclude Include="src\core\game.h">
      <Filter>src\core</Filter>
    </ClInclude>
    <ClInclude Include="src\world\map.h">
      <Filter>src\world</Filter>
    </ClInclude>
    <ClInclude Include="src\entity\player.h">
      <Filter>src\entity</Filter>
    </ClInclude>
    <ClInclude Include="src\core\ui.h">
      <Filter>src\core</Filter>
    </ClInclude>
    <ClInclude Include="src\debug\debug.h">
      <Filter>src\debug</Filter>
    </ClInclude>
    <ClInclude Include="src\world\map_data.h">
      <Filter>src\world</Filter>
    </ClInclude>
    <ClInclude Include="src\world\glyph.h">
      <Filter>src\world</Filter>
    </ClInclude>
    <ClInclude Include="src\entity\enemy.h">
      <Filter>src\entity</Filter>
    </ClInclude>
    <ClInclude Include="src\core\combat.h">
      <Filter>src\core</Filter>
    </ClInclude>
    <ClInclude Include="src\entity\chest.h">
      <Filter>src\entity</Filter>
    </ClInclude>
    <ClInclude Include="src\entity\npc.h">
      <Filter>src\entity</Filter>
    </ClInclude>
    <ClInclude Include="src\cinematic\cinematic.h">
      <Filter>src\cinematic</Filter>
    </ClInclude>
    <ClInclude Include="src\data\story.h">
      <Filter>src\data</Filter>
    </ClInclude>
  </ItemGroup>
</Project>